github.com/adityatelange/hugo-PaperMod v0.0.0-20260410194614-893811ac431f h1:7hI1eNWE3Ng2lEYeLO00d7FficPn1Pf/7G6jAc7aS2E=
github.com/adityatelange/hugo-PaperMod v0.0.0-20260410194614-893811ac431f/go.mod h1:HCHxNMKYdGafUYjVV3ICiAqznZK2yH0iI53jqcDFDdQ=
github.com/adityatelange/hugo-PaperMod v0.0.0-20260411190257-f207ce6d5889/go.mod h1:sp5WH671pzcVNpWKveBQKlBfu6T9uvcBI/4B3BSojKw=
github.com/adityatelange/hugo-PaperMod v0.0.0-20260426114513-e45768519855/go.mod h1:sp5WH671pzcVNpWKveBQKlBfu6T9uvcBI/4B3BSojKw=
